github.com/UniversityRadioYork/myradio-go v0.0.0-20220923185614-685895615da0 h1:lA2ngpcODUXqna1wj7EGPVwSezy7k6uvDlCW/qtRc3w=
github.com/UniversityRadioYork/myradio-go v0.0.0-20220923185614-685895615da0/go.mod h1:iFH6u3KFaQ73MR9bfqTThGd7TFUYUe9cAajxxh9E0Z8=
github.com/UniversityRadioYork/myradio-go v0.0.0-20230523181859-9d09922c2c51 h1:Purn+ISRrnAlHnwH5cAUTwthqUAaNz1TemCQUG02xLA=
github.com/UniversityRadioYork/myradio-go v0.0.0-20230523181859-9d09922c2c51/go.mod h1:iFH6u3KFaQ73MR9bfqTThGd7TFUYUe9cAajxxh9E0Z8=
github.com/google/uuid v1.3.0 h1:t6JiXgmwXMjEs8VusXIJk2BXHsn+wx8BZdTaoZ5fu7I=
github.com/google/uuid v1.3.0/go.mod h1:TIyPZe4MgqvfeYDBFedMoGGpEw/LqOeaOT+nhxU+yHo=
github.com/gorilla/securecookie v1.1.1 h1:miw7JPhV+b/lAHSXz4qd/nN9jRiAFV5FwjeKyCS8BvQ=
github.com/gorilla/securecookie v1.1.1/go.mod h1:ra0sb63/xPlUeL+yeDciTfxMRAA+MP+HVt/4epWDjd4=
github.com/gorilla/sessions v1.2.1 h1:DHd3rPN5lE3Ts3D8rKkQ8x/0kqfeNmBAaiSi+o7FsgI=
github.com/gorilla/sessions v1.2.1/go.mod h1:dk2InVEVJ0sfLlnXv9EAgkf6ecYs/i80K/zI+bUmuGM=
gopkg.in/check.v1 v0.0.0-20161208181325-20d25e280405/go.mod h1:Co6ibVJAznAaIkqp8huTwlJQCZ016jof/cbN4VW5Yz0=
gopkg.in/yaml.v3 v3.0.1 h1:fxVm/GzAzEWqLHuvctI91KS9hhNmmWOoWu0XTYJS7CA=
gopkg.in/yaml.v3 v3.0.1/go.mod h1:K4uyk7z7BCEPqu6E+C64Yfv1cQ7kz7rIZviUmN+EgEM=
